// !$*UTF8*$!
{
	archiveVersion = 1;
	classes = {
	};
	objectVersion = 50;
	objects = {

/* Begin PBXBuildFile section */
		C6C3B74E25AF413D00089C8D /* AppDelegate.swift in Sources */ = {isa = PBXBuildFile; fileRef = C6C3B74D25AF413D00089C8D /* AppDelegate.swift */; };
		C6C3B75025AF413D00089C8D /* SceneDelegate.swift in Sources */ = {isa = PBXBuildFile; fileRef = C6C3B74F25AF413D00089C8D /* SceneDelegate.swift */; };
		C6C3B75425AF413E00089C8D /* Assets.xcassets in Resources */ = {isa = PBXBuildFile; fileRef = C6C3B75325AF413E00089C8D /* Assets.xcassets */; };
		C6C3B75A25AF413E00089C8D /* LaunchScreen.storyboard in Resources */ = {isa = PBXBuildFile; fileRef = C6C3B75825AF413E00089C8D /* LaunchScreen.storyboard */; };
		C6C3B76525AF413E00089C8D /* DogSpotTests.swift in Sources */ = {isa = PBXBuildFile; fileRef = C6C3B76425AF413E00089C8D /* DogSpotTests.swift */; };
		C6C3B77025AF413E00089C8D /* DogSpotUITests.swift in Sources */ = {isa = PBXBuildFile; fileRef = C6C3B76F25AF413E00089C8D /* DogSpotUITests.swift */; };
		C6C3B7C625AF420500089C8D /* DogListViewController.swift in Sources */ = {isa = PBXBuildFile; fileRef = C6C3B7C525AF420500089C8D /* DogListViewController.swift */; };
		C6C3B7CB25AF441500089C8D /* Palette.swift in Sources */ = {isa = PBXBuildFile; fileRef = C6C3B7CA25AF441500089C8D /* Palette.swift */; };
		C6C3B7E025AF478E00089C8D /* TypeMachine.swift in Sources */ = {isa = PBXBuildFile; fileRef = C6C3B7DF25AF478E00089C8D /* TypeMachine.swift */; };
		C6C3B7E525AF4B8700089C8D /* DogDetailsViewController.swift in Sources */ = {isa = PBXBuildFile; fileRef = C6C3B7E425AF4B8700089C8D /* DogDetailsViewController.swift */; };
		C6C3B7F625AF4BEA00089C8D /* ListItemCell.swift in Sources */ = {isa = PBXBuildFile; fileRef = C6C3B7F525AF4BEA00089C8D /* ListItemCell.swift */; };
		C6C3B80325AF4C2F00089C8D /* CardCollectionCell.swift in Sources */ = {isa = PBXBuildFile; fileRef = C6C3B80225AF4C2F00089C8D /* CardCollectionCell.swift */; };
		C6C3B80825AF56DC00089C8D /* SectionTitleView.swift in Sources */ = {isa = PBXBuildFile; fileRef = C6C3B80725AF56DC00089C8D /* SectionTitleView.swift */; };
		C6C3B81025AF65EA00089C8D /* CardUIView.swift in Sources */ = {isa = PBXBuildFile; fileRef = C6C3B80F25AF65EA00089C8D /* CardUIView.swift */; };
		C6C3B81525AF6D2100089C8D /* Dog.swift in Sources */ = {isa = PBXBuildFile; fileRef = C6C3B81425AF6D2100089C8D /* Dog.swift */; };
/* End PBXBuildFile section */

/* Begin PBXContainerItemProxy section */
		C6C3B76125AF413E00089C8D /* PBXContainerItemProxy */ = {
			isa = PBXContainerItemProxy;
			containerPortal = C6C3B74225AF413D00089C8D /* Project object */;
			proxyType = 1;
			remoteGlobalIDString = C6C3B74925AF413D00089C8D;
			remoteInfo = DogSpot;
		};
		C6C3B76C25AF413E00089C8D /* PBXContainerItemProxy */ = {
			isa = PBXContainerItemProxy;
			containerPortal = C6C3B74225AF413D00089C8D /* Project object */;
			proxyType = 1;
			remoteGlobalIDString = C6C3B74925AF413D00089C8D;
			remoteInfo = DogSpot;
		};
/* End PBXContainerItemProxy section */

/* Begin PBXFileReference section */
		C6C3B74A25AF413D00089C8D /* DogSpot.app */ = {isa = PBXFileReference; explicitFileType = wrapper.application; includeInIndex = 0; path = DogSpot.app; sourceTree = BUILT_PRODUCTS_DIR; };
		C6C3B74D25AF413D00089C8D /* AppDelegate.swift */ = {isa = PBXFileReference; lastKnownFileType = sourcecode.swift; path = AppDelegate.swift; sourceTree = "<group>"; };
		C6C3B74F25AF413D00089C8D /* SceneDelegate.swift */ = {isa = PBXFileReference; lastKnownFileType = sourcecode.swift; path = SceneDelegate.swift; sourceTree = "<group>"; };
		C6C3B75325AF413E00089C8D /* Assets.xcassets */ = {isa = PBXFileReference; lastKnownFileType = folder.assetcatalog; path = Assets.xcassets; sourceTree = "<group>"; };
		C6C3B75925AF413E00089C8D /* Base */ = {isa = PBXFileReference; lastKnownFileType = file.storyboard; name = Base; path = Base.lproj/LaunchScreen.storyboard; sourceTree = "<group>"; };
		C6C3B75B25AF413E00089C8D /* Info.plist */ = {isa = PBXFileReference; lastKnownFileType = text.plist.xml; path = Info.plist; sourceTree = "<group>"; };
		C6C3B76025AF413E00089C8D /* DogSpotTests.xctest */ = {isa = PBXFileReference; explicitFileType = wrapper.cfbundle; includeInIndex = 0; path = DogSpotTests.xctest; sourceTree = BUILT_PRODUCTS_DIR; };
		C6C3B76425AF413E00089C8D /* DogSpotTests.swift */ = {isa = PBXFileReference; lastKnownFileType = sourcecode.swift; path = DogSpotTests.swift; sourceTree = "<group>"; };
		C6C3B76625AF413E00089C8D /* Info.plist */ = {isa = PBXFileReference; lastKnownFileType = text.plist.xml; path = Info.plist; sourceTree = "<group>"; };
		C6C3B76B25AF413E00089C8D /* DogSpotUITests.xctest */ = {isa = PBXFileReference; explicitFileType = wrapper.cfbundle; includeInIndex = 0; path = DogSpotUITests.xctest; sourceTree = BUILT_PRODUCTS_DIR; };
		C6C3B76F25AF413E00089C8D /* DogSpotUITests.swift */ = {isa = PBXFileReference; lastKnownFileType = sourcecode.swift; path = DogSpotUITests.swift; sourceTree = "<group>"; };
		C6C3B77125AF413E00089C8D /* Info.plist */ = {isa = PBXFileReference; lastKnownFileType = text.plist.xml; path = Info.plist; sourceTree = "<group>"; };
		C6C3B7C525AF420500089C8D /* DogListViewController.swift */ = {isa = PBXFileReference; lastKnownFileType = sourcecode.swift; path = DogListViewController.swift; sourceTree = "<group>"; };
		C6C3B7CA25AF441500089C8D /* Palette.swift */ = {isa = PBXFileReference; lastKnownFileType = sourcecode.swift; path = Palette.swift; sourceTree = "<group>"; };
		C6C3B7DF25AF478E00089C8D /* TypeMachine.swift */ = {isa = PBXFileReference; lastKnownFileType = sourcecode.swift; path = TypeMachine.swift; sourceTree = "<group>"; };
		C6C3B7E425AF4B8700089C8D /* DogDetailsViewController.swift */ = {isa = PBXFileReference; lastKnownFileType = sourcecode.swift; path = DogDetailsViewController.swift; sourceTree = "<group>"; };
		C6C3B7F525AF4BEA00089C8D /* ListItemCell.swift */ = {isa = PBXFileReference; lastKnownFileType = sourcecode.swift; path = ListItemCell.swift; sourceTree = "<group>"; };
		C6C3B80225AF4C2F00089C8D /* CardCollectionCell.swift */ = {isa = PBXFileReference; lastKnownFileType = sourcecode.swift; path = CardCollectionCell.swift; sourceTree = "<group>"; };
		C6C3B80725AF56DC00089C8D /* SectionTitleView.swift */ = {isa = PBXFileReference; lastKnownFileType = sourcecode.swift; path = SectionTitleView.swift; sourceTree = "<group>"; };
		C6C3B80F25AF65EA00089C8D /* CardUIView.swift */ = {isa = PBXFileReference; lastKnownFileType = sourcecode.swift; path = CardUIView.swift; sourceTree = "<group>"; };
		C6C3B81425AF6D2100089C8D /* Dog.swift */ = {isa = PBXFileReference; lastKnownFileType = sourcecode.swift; path = Dog.swift; sourceTree = "<group>"; };
/* End PBXFileReference section */

/* Begin PBXFrameworksBuildPhase section */
		C6C3B74725AF413D00089C8D /* Frameworks */ = {
			isa = PBXFrameworksBuildPhase;
			buildActionMask = 2147483647;
			files = (
			);
			runOnlyForDeploymentPostprocessing = 0;
		};
		C6C3B75D25AF413E00089C8D /* Frameworks */ = {
			isa = PBXFrameworksBuildPhase;
			buildActionMask = 2147483647;
			files = (
			);
			runOnlyForDeploymentPostprocessing = 0;
		};
		C6C3B76825AF413E00089C8D /* Frameworks */ = {
			isa = PBXFrameworksBuildPhase;
			buildActionMask = 2147483647;
			files = (
			);
			runOnlyForDeploymentPostprocessing = 0;
		};
/* End PBXFrameworksBuildPhase section */

/* Begin PBXGroup section */
		C677028225B0AC2F00EE32AF /* Models */ = {
			isa = PBXGroup;
			children = (
				C6C3B81425AF6D2100089C8D /* Dog.swift */,
			);
			path = Models;
			sourceTree = "<group>";
		};
		C6C3B74125AF413D00089C8D = {
			isa = PBXGroup;
			children = (
				C6C3B74C25AF413D00089C8D /* DogSpot */,
				C6C3B76325AF413E00089C8D /* DogSpotTests */,
				C6C3B76E25AF413E00089C8D /* DogSpotUITests */,
				C6C3B74B25AF413D00089C8D /* Products */,
			);
			sourceTree = "<group>";
		};
		C6C3B74B25AF413D00089C8D /* Products */ = {
			isa = PBXGroup;
			children = (
				C6C3B74A25AF413D00089C8D /* DogSpot.app */,
				C6C3B76025AF413E00089C8D /* DogSpotTests.xctest */,
				C6C3B76B25AF413E00089C8D /* DogSpotUITests.xctest */,
			);
			name = Products;
			sourceTree = "<group>";
		};
		C6C3B74C25AF413D00089C8D /* DogSpot */ = {
			isa = PBXGroup;
			children = (
				C6C3B74D25AF413D00089C8D /* AppDelegate.swift */,
				C6C3B74F25AF413D00089C8D /* SceneDelegate.swift */,
				C677028225B0AC2F00EE32AF /* Models */,
				C6C3B7CA25AF441500089C8D /* Palette.swift */,
				C6C3B7DF25AF478E00089C8D /* TypeMachine.swift */,
				C6C3B7E925AF4B9A00089C8D /* Views */,
				C6C3B7CF25AF44BB00089C8D /* SystemExtensions */,
				C6C3B75325AF413E00089C8D /* Assets.xcassets */,
				C6C3B75825AF413E00089C8D /* LaunchScreen.storyboard */,
				C6C3B75B25AF413E00089C8D /* Info.plist */,
			);
			path = DogSpot;
			sourceTree = "<group>";
		};
		C6C3B76325AF413E00089C8D /* DogSpotTests */ = {
			isa = PBXGroup;
			children = (
				C6C3B76425AF413E00089C8D /* DogSpotTests.swift */,
				C6C3B76625AF413E00089C8D /* Info.plist */,
			);
			path = DogSpotTests;
			sourceTree = "<group>";
		};
		C6C3B76E25AF413E00089C8D /* DogSpotUITests */ = {
			isa = PBXGroup;
			children = (
				C6C3B76F25AF413E00089C8D /* DogSpotUITests.swift */,
				C6C3B77125AF413E00089C8D /* Info.plist */,
			);
			path = DogSpotUITests;
			sourceTree = "<group>";
		};
		C6C3B7CF25AF44BB00089C8D /* SystemExtensions */ = {
			isa = PBXGroup;
			children = (
			);
			path = SystemExtensions;
			sourceTree = "<group>";
		};
		C6C3B7E925AF4B9A00089C8D /* Views */ = {
			isa = PBXGroup;
			children = (
				C6C3B7C525AF420500089C8D /* DogListViewController.swift */,
				C6C3B7F525AF4BEA00089C8D /* ListItemCell.swift */,
				C6C3B80725AF56DC00089C8D /* SectionTitleView.swift */,
				C6C3B80225AF4C2F00089C8D /* CardCollectionCell.swift */,
				C6C3B80F25AF65EA00089C8D /* CardUIView.swift */,
				C6C3B7E425AF4B8700089C8D /* DogDetailsViewController.swift */,
			);
			path = Views;
			sourceTree = "<group>";
		};
/* End PBXGroup section */

/* Begin PBXNativeTarget section */
		C6C3B74925AF413D00089C8D /* DogSpot */ = {
			isa = PBXNativeTarget;
			buildConfigurationList = C6C3B77425AF413E00089C8D /* Build configuration list for PBXNativeTarget "DogSpot" */;
			buildPhases = (
				C6C3B74625AF413D00089C8D /* Sources */,
				C6C3B74725AF413D00089C8D /* Frameworks */,
				C6C3B74825AF413D00089C8D /* Resources */,
			);
			buildRules = (
			);
			dependencies = (
			);
			name = DogSpot;
			productName = DogSpot;
			productReference = C6C3B74A25AF413D00089C8D /* DogSpot.app */;
			productType = "com.apple.product-type.application";
		};
		C6C3B75F25AF413E00089C8D /* DogSpotTests */ = {
			isa = PBXNativeTarget;
			buildConfigurationList = C6C3B77725AF413E00089C8D /* Build configuration list for PBXNativeTarget "DogSpotTests" */;
			buildPhases = (
				C6C3B75C25AF413E00089C8D /* Sources */,
				C6C3B75D25AF413E00089C8D /* Frameworks */,
				C6C3B75E25AF413E00089C8D /* Resources */,
			);
			buildRules = (
			);
			dependencies = (
				C6C3B76225AF413E00089C8D /* PBXTargetDependency */,
			);
			name = DogSpotTests;
			productName = DogSpotTests;
			productReference = C6C3B76025AF413E00089C8D /* DogSpotTests.xctest */;
			productType = "com.apple.product-type.bundle.unit-test";
		};
		C6C3B76A25AF413E00089C8D /* DogSpotUITests */ = {
			isa = PBXNativeTarget;
			buildConfigurationList = C6C3B77A25AF413E00089C8D /* Build configuration list for PBXNativeTarget "DogSpotUITests" */;
			buildPhases = (
				C6C3B76725AF413E00089C8D /* Sources */,
				C6C3B76825AF413E00089C8D /* Frameworks */,
				C6C3B76925AF413E00089C8D /* Resources */,
			);
			buildRules = (
			);
			dependencies = (
				C6C3B76D25AF413E00089C8D /* PBXTargetDependency */,
			);
			name = DogSpotUITests;
			productName = DogSpotUITests;
			productReference = C6C3B76B25AF413E00089C8D /* DogSpotUITests.xctest */;
			productType = "com.apple.product-type.bundle.ui-testing";
		};
/* End PBXNativeTarget section */

/* Begin PBXProject section */
		C6C3B74225AF413D00089C8D /* Project object */ = {
			isa = PBXProject;
			attributes = {
				LastSwiftUpdateCheck = 1210;
				LastUpgradeCheck = 1210;
				TargetAttributes = {
					C6C3B74925AF413D00089C8D = {
						CreatedOnToolsVersion = 12.1;
					};
					C6C3B75F25AF413E00089C8D = {
						CreatedOnToolsVersion = 12.1;
						TestTargetID = C6C3B74925AF413D00089C8D;
					};
					C6C3B76A25AF413E00089C8D = {
						CreatedOnToolsVersion = 12.1;
						TestTargetID = C6C3B74925AF413D00089C8D;
					};
				};
			};
			buildConfigurationList = C6C3B74525AF413D00089C8D /* Build configuration list for PBXProject "DogSpot" */;
			compatibilityVersion = "Xcode 9.3";
			developmentRegion = en;
			hasScannedForEncodings = 0;
			knownRegions = (
				en,
				Base,
			);
			mainGroup = C6C3B74125AF413D00089C8D;
			productRefGroup = C6C3B74B25AF413D00089C8D /* Products */;
			projectDirPath = "";
			projectRoot = "";
			targets = (
				C6C3B74925AF413D00089C8D /* DogSpot */,
				C6C3B75F25AF413E00089C8D /* DogSpotTests */,
				C6C3B76A25AF413E00089C8D /* DogSpotUITests */,
			);
		};
/* End PBXProject section */

/* Begin PBXResourcesBuildPhase section */
		C6C3B74825AF413D00089C8D /* Resources */ = {
			isa = PBXResourcesBuildPhase;
			buildActionMask = 2147483647;
			files = (
				C6C3B75A25AF413E00089C8D /* LaunchScreen.storyboard in Resources */,
				C6C3B75425AF413E00089C8D /* Assets.xcassets in Resources */,
			);
			runOnlyForDeploymentPostprocessing = 0;
		};
		C6C3B75E25AF413E00089C8D /* Resources */ = {
			isa = PBXResourcesBuildPhase;
			buildActionMask = 2147483647;
			files = (
			);
			runOnlyForDeploymentPostprocessing = 0;
		};
		C6C3B76925AF413E00089C8D /* Resources */ = {
			isa = PBXResourcesBuildPhase;
			buildActionMask = 2147483647;
			files = (
			);
			runOnlyForDeploymentPostprocessing = 0;
		};
/* End PBXResourcesBuildPhase section */

/* Begin PBXSourcesBuildPhase section */
		C6C3B74625AF413D00089C8D /* Sources */ = {
			isa = PBXSourcesBuildPhase;
			buildActionMask = 2147483647;
			files = (
				C6C3B74E25AF413D00089C8D /* AppDelegate.swift in Sources */,
				C6C3B7E025AF478E00089C8D /* TypeMachine.swift in Sources */,
				C6C3B81525AF6D2100089C8D /* Dog.swift in Sources */,
				C6C3B7F625AF4BEA00089C8D /* ListItemCell.swift in Sources */,
				C6C3B80325AF4C2F00089C8D /* CardCollectionCell.swift in Sources */,
				C6C3B7E525AF4B8700089C8D /* DogDetailsViewController.swift in Sources */,
				C6C3B7C625AF420500089C8D /* DogListViewController.swift in Sources */,
				C6C3B80825AF56DC00089C8D /* SectionTitleView.swift in Sources */,
				C6C3B75025AF413D00089C8D /* SceneDelegate.swift in Sources */,
				C6C3B7CB25AF441500089C8D /* Palette.swift in Sources */,
				C6C3B81025AF65EA00089C8D /* CardUIView.swift in Sources */,
			);
			runOnlyForDeploymentPostprocessing = 0;
		};
		C6C3B75C25AF413E00089C8D /* Sources */ = {
			isa = PBXSourcesBuildPhase;
			buildActionMask = 2147483647;
			files = (
				C6C3B76525AF413E00089C8D /* DogSpotTests.swift in Sources */,
			);
			runOnlyForDeploymentPostprocessing = 0;
		};
		C6C3B76725AF413E00089C8D /* Sources */ = {
			isa = PBXSourcesBuildPhase;
			buildActionMask = 2147483647;
			files = (
				C6C3B77025AF413E00089C8D /* DogSpotUITests.swift in Sources */,
			);
			runOnlyForDeploymentPostprocessing = 0;
		};
/* End PBXSourcesBuildPhase section */

/* Begin PBXTargetDependency section */
		C6C3B76225AF413E00089C8D /* PBXTargetDependency */ = {
			isa = PBXTargetDependency;
			target = C6C3B74925AF413D00089C8D /* DogSpot */;
			targetProxy = C6C3B76125AF413E00089C8D /* PBXContainerItemProxy */;
		};
		C6C3B76D25AF413E00089C8D /* PBXTargetDependency */ = {
			isa = PBXTargetDependency;
			target = C6C3B74925AF413D00089C8D /* DogSpot */;
			targetProxy = C6C3B76C25AF413E00089C8D /* PBXContainerItemProxy */;
		};
/* End PBXTargetDependency section */

/* Begin PBXVariantGroup section */
		C6C3B75825AF413E00089C8D /* LaunchScreen.storyboard */ = {
			isa = PBXVariantGroup;
			children = (
				C6C3B75925AF413E00089C8D /* Base */,
			);
			name = LaunchScreen.storyboard;
			sourceTree = "<group>";
		};
/* End PBXVariantGroup section */

/* Begin XCBuildConfiguration section */
		C6C3B77225AF413E00089C8D /* Debug */ = {
			isa = XCBuildConfiguration;
			buildSettings = {
				ALWAYS_SEARCH_USER_PATHS = NO;
				CLANG_ANALYZER_NONNULL = YES;
				CLANG_ANALYZER_NUMBER_OBJECT_CONVERSION = YES_AGGRESSIVE;
				CLANG_CXX_LANGUAGE_STANDARD = "gnu++14";
				CLANG_CXX_LIBRARY = "libc++";
				CLANG_ENABLE_MODULES = YES;
				CLANG_ENABLE_OBJC_ARC = YES;
				CLANG_ENABLE_OBJC_WEAK = YES;
				CLANG_WARN_BLOCK_CAPTURE_AUTORELEASING = YES;
				CLANG_WARN_BOOL_CONVERSION = YES;
				CLANG_WARN_COMMA = YES;
				CLANG_WARN_CONSTANT_CONVERSION = YES;
				CLANG_WARN_DEPRECATED_OBJC_IMPLEMENTATIONS = YES;
				CLANG_WARN_DIRECT_OBJC_ISA_USAGE = YES_ERROR;
				CLANG_WARN_DOCUMENTATION_COMMENTS = YES;
				CLANG_WARN_EMPTY_BODY = YES;
				CLANG_WARN_ENUM_CONVERSION = YES;
				CLANG_WARN_INFINITE_RECURSION = YES;
				CLANG_WARN_INT_CONVERSION = YES;
				CLANG_WARN_NON_LITERAL_NULL_CONVERSION = YES;
				CLANG_WARN_OBJC_IMPLICIT_RETAIN_SELF = YES;
				CLANG_WARN_OBJC_LITERAL_CONVERSION = YES;
				CLANG_WARN_OBJC_ROOT_CLASS = YES_ERROR;
				CLANG_WARN_QUOTED_INCLUDE_IN_FRAMEWORK_HEADER = YES;
				CLANG_WARN_RANGE_LOOP_ANALYSIS = YES;
				CLANG_WARN_STRICT_PROTOTYPES = YES;
				CLANG_WARN_SUSPICIOUS_MOVE = YES;
				CLANG_WARN_UNGUARDED_AVAILABILITY = YES_AGGRESSIVE;
				CLANG_WARN_UNREACHABLE_CODE = YES;
				CLANG_WARN__DUPLICATE_METHOD_MATCH = YES;
				COPY_PHASE_STRIP = NO;
				DEBUG_INFORMATION_FORMAT = dwarf;
				ENABLE_STRICT_OBJC_MSGSEND = YES;
				ENABLE_TESTABILITY = YES;
				GCC_C_LANGUAGE_STANDARD = gnu11;
				GCC_DYNAMIC_NO_PIC = NO;
				GCC_NO_COMMON_BLOCKS = YES;
				GCC_OPTIMIZATION_LEVEL = 0;
				GCC_PREPROCESSOR_DEFINITIONS = (
					"DEBUG=1",
					"$(inherited)",
				);
				GCC_WARN_64_TO_32_BIT_CONVERSION = YES;
				GCC_WARN_ABOUT_RETURN_TYPE = YES_ERROR;
				GCC_WARN_UNDECLARED_SELECTOR = YES;
				GCC_WARN_UNINITIALIZED_AUTOS = YES_AGGRESSIVE;
				GCC_WARN_UNUSED_FUNCTION = YES;
				GCC_WARN_UNUSED_VARIABLE = YES;
				IPHONEOS_DEPLOYMENT_TARGET = 14.1;
				MTL_ENABLE_DEBUG_INFO = INCLUDE_SOURCE;
				MTL_FAST_MATH = YES;
				ONLY_ACTIVE_ARCH = YES;
				SDKROOT = iphoneos;
				SWIFT_ACTIVE_COMPILATION_CONDITIONS = DEBUG;
				SWIFT_OPTIMIZATION_LEVEL = "-Onone";
			};
			name = Debug;
		};
		C6C3B77325AF413E00089C8D /* Release */ = {
			isa = XCBuildConfiguration;
			buildSettings = {
				ALWAYS_SEARCH_USER_PATHS = NO;
				CLANG_ANALYZER_NONNULL = YES;
				CLANG_ANALYZER_NUMBER_OBJECT_CONVERSION = YES_AGGRESSIVE;
				CLANG_CXX_LANGUAGE_STANDARD = "gnu++14";
				CLANG_CXX_LIBRARY = "libc++";
				CLANG_ENABLE_MODULES = YES;
				CLANG_ENABLE_OBJC_ARC = YES;
				CLANG_ENABLE_OBJC_WEAK = YES;
				CLANG_WARN_BLOCK_CAPTURE_AUTORELEASING = YES;
				CLANG_WARN_BOOL_CONVERSION = YES;
				CLANG_WARN_COMMA = YES;
				CLANG_WARN_CONSTANT_CONVERSION = YES;
				CLANG_WARN_DEPRECATED_OBJC_IMPLEMENTATIONS = YES;
				CLANG_WARN_DIRECT_OBJC_ISA_USAGE = YES_ERROR;
				CLANG_WARN_DOCUMENTATION_COMMENTS = YES;
				CLANG_WARN_EMPTY_BODY = YES;
				CLANG_WARN_ENUM_CONVERSION = YES;
				CLANG_WARN_INFINITE_RECURSION = YES;
				CLANG_WARN_INT_CONVERSION = YES;
				CLANG_WARN_NON_LITERAL_NULL_CONVERSION = YES;
				CLANG_WARN_OBJC_IMPLICIT_RETAIN_SELF = YES;
				CLANG_WARN_OBJC_LITERAL_CONVERSION = YES;
				CLANG_WARN_OBJC_ROOT_CLASS = YES_ERROR;
				CLANG_WARN_QUOTED_INCLUDE_IN_FRAMEWORK_HEADER = YES;
				CLANG_WARN_RANGE_LOOP_ANALYSIS = YES;
				CLANG_WARN_STRICT_PROTOTYPES = YES;
				CLANG_WARN_SUSPICIOUS_MOVE = YES;
				CLANG_WARN_UNGUARDED_AVAILABILITY = YES_AGGRESSIVE;
				CLANG_WARN_UNREACHABLE_CODE = YES;
				CLANG_WARN__DUPLICATE_METHOD_MATCH = YES;
				COPY_PHASE_STRIP = NO;
				DEBUG_INFORMATION_FORMAT = "dwarf-with-dsym";
				ENABLE_NS_ASSERTIONS = NO;
				ENABLE_STRICT_OBJC_MSGSEND = YES;
				GCC_C_LANGUAGE_STANDARD = gnu11;
				GCC_NO_COMMON_BLOCKS = YES;
				GCC_WARN_64_TO_32_BIT_CONVERSION = YES;
				GCC_WARN_ABOUT_RETURN_TYPE = YES_ERROR;
				GCC_WARN_UNDECLARED_SELECTOR = YES;
				GCC_WARN_UNINITIALIZED_AUTOS = YES_AGGRESSIVE;
				GCC_WARN_UNUSED_FUNCTION = YES;
				GCC_WARN_UNUSED_VARIABLE = YES;
				IPHONEOS_DEPLOYMENT_TARGET = 14.1;
				MTL_ENABLE_DEBUG_INFO = NO;
				MTL_FAST_MATH = YES;
				SDKROOT = iphoneos;
				SWIFT_COMPILATION_MODE = wholemodule;
				SWIFT_OPTIMIZATION_LEVEL = "-O";
				VALIDATE_PRODUCT = YES;
			};
			name = Release;
		};
		C6C3B77525AF413E00089C8D /* Debug */ = {
			isa = XCBuildConfiguration;
			buildSettings = {
				ASSETCATALOG_COMPILER_APPICON_NAME = AppIcon;
				ASSETCATALOG_COMPILER_GLOBAL_ACCENT_COLOR_NAME = AccentColor;
				CODE_SIGN_STYLE = Automatic;
				ENABLE_PREVIEWS = YES;
				INFOPLIST_FILE = DogSpot/Info.plist;
				LD_RUNPATH_SEARCH_PATHS = (
					"$(inherited)",
					"@executable_path/Frameworks",
				);
				PRODUCT_BUNDLE_IDENTIFIER = com.flipdish.DogSpot;
				PRODUCT_NAME = "$(TARGET_NAME)";
				SWIFT_VERSION = 5.0;
				TARGETED_DEVICE_FAMILY = 1;
			};
			name = Debug;
		};
		C6C3B77625AF413E00089C8D /* Release */ = {
			isa = XCBuildConfiguration;
			buildSettings = {
				ASSETCATALOG_COMPILER_APPICON_NAME = AppIcon;
				ASSETCATALOG_COMPILER_GLOBAL_ACCENT_COLOR_NAME = AccentColor;
				CODE_SIGN_STYLE = Automatic;
				ENABLE_PREVIEWS = YES;
				INFOPLIST_FILE = DogSpot/Info.plist;
				LD_RUNPATH_SEARCH_PATHS = (
					"$(inherited)",
					"@executable_path/Frameworks",
				);
				PRODUCT_BUNDLE_IDENTIFIER = com.flipdish.DogSpot;
				PRODUCT_NAME = "$(TARGET_NAME)";
				SWIFT_VERSION = 5.0;
				TARGETED_DEVICE_FAMILY = 1;
			};
			name = Release;
		};
		C6C3B77825AF413E00089C8D /* Debug */ = {
			isa = XCBuildConfiguration;
			buildSettings = {
				ALWAYS_EMBED_SWIFT_STANDARD_LIBRARIES = YES;
				BUNDLE_LOADER = "$(TEST_HOST)";
				CODE_SIGN_STYLE = Automatic;
				INFOPLIST_FILE = DogSpotTests/Info.plist;
				IPHONEOS_DEPLOYMENT_TARGET = 14.1;
				LD_RUNPATH_SEARCH_PATHS = (
					"$(inherited)",
					"@executable_path/Frameworks",
					"@loader_path/Frameworks",
				);
				PRODUCT_BUNDLE_IDENTIFIER = com.flipdish.DogSpotTests;
				PRODUCT_NAME = "$(TARGET_NAME)";
				SWIFT_VERSION = 5.0;
				TARGETED_DEVICE_FAMILY = "1,2";
				TEST_HOST = "$(BUILT_PRODUCTS_DIR)/DogSpot.app/DogSpot";
			};
			name = Debug;
		};
		C6C3B77925AF413E00089C8D /* Release */ = {
			isa = XCBuildConfiguration;
			buildSettings = {
				ALWAYS_EMBED_SWIFT_STANDARD_LIBRARIES = YES;
				BUNDLE_LOADER = "$(TEST_HOST)";
				CODE_SIGN_STYLE = Automatic;
				INFOPLIST_FILE = DogSpotTests/Info.plist;
				IPHONEOS_DEPLOYMENT_TARGET = 14.1;
				LD_RUNPATH_SEARCH_PATHS = (
					"$(inherited)",
					"@executable_path/Frameworks",
					"@loader_path/Frameworks",
				);
				PRODUCT_BUNDLE_IDENTIFIER = com.flipdish.DogSpotTests;
				PRODUCT_NAME = "$(TARGET_NAME)";
				SWIFT_VERSION = 5.0;
				TARGETED_DEVICE_FAMILY = "1,2";
				TEST_HOST = "$(BUILT_PRODUCTS_DIR)/DogSpot.app/DogSpot";
			};
			name = Release;
		};
		C6C3B77B25AF413E00089C8D /* Debug */ = {
			isa = XCBuildConfiguration;
			buildSettings = {
				ALWAYS_EMBED_SWIFT_STANDARD_LIBRARIES = YES;
				CODE_SIGN_STYLE = Automatic;
				INFOPLIST_FILE = DogSpotUITests/Info.plist;
				LD_RUNPATH_SEARCH_PATHS = (
					"$(inherited)",
					"@executable_path/Frameworks",
					"@loader_path/Frameworks",
				);
				PRODUCT_BUNDLE_IDENTIFIER = com.flipdish.DogSpotUITests;
				PRODUCT_NAME = "$(TARGET_NAME)";
				SWIFT_VERSION = 5.0;
				TARGETED_DEVICE_FAMILY = "1,2";
				TEST_TARGET_NAME = DogSpot;
			};
			name = Debug;
		};
		C6C3B77C25AF413E00089C8D /* Release */ = {
			isa = XCBuildConfiguration;
			buildSettings = {
				ALWAYS_EMBED_SWIFT_STANDARD_LIBRARIES = YES;
				CODE_SIGN_STYLE = Automatic;
				INFOPLIST_FILE = DogSpotUITests/Info.plist;
				LD_RUNPATH_SEARCH_PATHS = (
					"$(inherited)",
					"@executable_path/Frameworks",
					"@loader_path/Frameworks",
				);
				PRODUCT_BUNDLE_IDENTIFIER = com.flipdish.DogSpotUITests;
				PRODUCT_NAME = "$(TARGET_NAME)";
				SWIFT_VERSION = 5.0;
				TARGETED_DEVICE_FAMILY = "1,2";
				TEST_TARGET_NAME = DogSpot;
			};
			name = Release;
		};
/* End XCBuildConfiguration section */

/* Begin XCConfigurationList section */
		C6C3B74525AF413D00089C8D /* Build configuration list for PBXProject "DogSpot" */ = {
			isa = XCConfigurationList;
			buildConfigurations = (
				C6C3B77225AF413E00089C8D /* Debug */,
				C6C3B77325AF413E00089C8D /* Release */,
			);
			defaultConfigurationIsVisible = 0;
			defaultConfigurationName = Release;
		};
		C6C3B77425AF413E00089C8D /* Build configuration list for PBXNativeTarget "DogSpot" */ = {
			isa = XCConfigurationList;
			buildConfigurations = (
				C6C3B77525AF413E00089C8D /* Debug */,
				C6C3B77625AF413E00089C8D /* Release */,
			);
			defaultConfigurationIsVisible = 0;
			defaultConfigurationName = Release;
		};
		C6C3B77725AF413E00089C8D /* Build configuration list for PBXNativeTarget "DogSpotTests" */ = {
			isa = XCConfigurationList;
			buildConfigurations = (
				C6C3B77825AF413E00089C8D /* Debug */,
				C6C3B77925AF413E00089C8D /* Release */,
			);
			defaultConfigurationIsVisible = 0;
			defaultConfigurationName = Release;
		};
		C6C3B77A25AF413E00089C8D /* Build configuration list for PBXNativeTarget "DogSpotUITests" */ = {
			isa = XCConfigurationList;
			buildConfigurations = (
				C6C3B77B25AF413E00089C8D /* Debug */,
				C6C3B77C25AF413E00089C8D /* Release */,
			);
			defaultConfigurationIsVisible = 0;
			defaultConfigurationName = Release;
		};
/* End XCConfigurationList section */
	};
	rootObject = C6C3B74225AF413D00089C8D /* Project object */;
}
